
Microsoft Visual Studio Solution File, Format Version 12.00
# Visual Studio Version 17
VisualStudioVersion = 17.8.34511.84
MinimumVisualStudioVersion = 10.0.40219.1
Project("{9A19103F-16F7-4668-BE54-9A1E7A4F7556}") = "FindInFiles", "FindInFiles.csproj", "{08B6B22A-5325-4AAB-B0FE-FB76452D6A5A}"
EndProject
Project("{FAE04EC0-301F-11D3-BF4B-00C04F79EFBC}") = "FindInFiles.NET48", "NET48\FindInFiles.NET48.csproj", "{F88D3071-5B0C-47D0-832E-36B99FBE2991}"
EndProject
Global
	GlobalSection(SolutionConfigurationPlatforms) = preSolution
		Debug|Any CPU = Debug|Any CPU
		Release|Any CPU = Release|Any CPU
	EndGlobalSection
	GlobalSection(ProjectConfigurationPlatforms) = postSolution
		{08B6B22A-5325-4AAB-B0FE-FB76452D6A5A}.Debug|Any CPU.ActiveCfg = Debug|Any CPU
		{08B6B22A-5325-4AAB-B0FE-FB76452D6A5A}.Debug|Any CPU.Build.0 = Debug|Any CPU
		{08B6B22A-5325-4AAB-B0FE-FB76452D6A5A}.Release|Any CPU.ActiveCfg = Release|Any CPU
		{08B6B22A-5325-4AAB-B0FE-FB76452D6A5A}.Release|Any CPU.Build.0 = Release|Any CPU
		{F88D3071-5B0C-47D0-832E-36B99FBE2991}.Debug|Any CPU.ActiveCfg = Debug|Any CPU
		{F88D3071-5B0C-47D0-832E-36B99FBE2991}.Debug|Any CPU.Build.0 = Debug|Any CPU
		{F88D3071-5B0C-47D0-832E-36B99FBE2991}.Release|Any CPU.ActiveCfg = Release|Any CPU
		{F88D3071-5B0C-47D0-832E-36B99FBE2991}.Release|Any CPU.Build.0 = Release|Any CPU
	EndGlobalSection
	GlobalSection(SolutionProperties) = preSolution
		HideSolutionNode = FALSE
	EndGlobalSection
	GlobalSection(ExtensibilityGlobals) = postSolution
		SolutionGuid = {9870395C-EB1F-45A6-97C4-83CB43744042}
	EndGlobalSection
EndGlobal
